
Microsoft Visual Studio Solution File, Format Version 12.00
# Visual Studio Version 17
VisualStudioVersion = 17.9.34622.214
MinimumVisualStudioVersion = 10.0.40219.1
Project("{FAE04EC0-301F-11D3-BF4B-00C04F79EFBC}") = "API_Book", "API_Book\API_Book.csproj", "{B7C36475-B3A8-40CC-AA9F-77F880D7CD7E}"
EndProject
Global
	GlobalSection(SolutionConfigurationPlatforms) = preSolution
		Debug|Any CPU = Debug|Any CPU
		Release|Any CPU = Release|Any CPU
	EndGlobalSection
	GlobalSection(ProjectConfigurationPlatforms) = postSolution
		{B7C36475-B3A8-40CC-AA9F-77F880D7CD7E}.Debug|Any CPU.ActiveCfg = Debug|Any CPU
		{B7C36475-B3A8-40CC-AA9F-77F880D7CD7E}.Debug|Any CPU.Build.0 = Debug|Any CPU
		{B7C36475-B3A8-40CC-AA9F-77F880D7CD7E}.Release|Any CPU.ActiveCfg = Release|Any CPU
		{B7C36475-B3A8-40CC-AA9F-77F880D7CD7E}.Release|Any CPU.Build.0 = Release|Any CPU
	EndGlobalSection
	GlobalSection(SolutionProperties) = preSolution
		HideSolutionNode = FALSE
	EndGlobalSection
	GlobalSection(ExtensibilityGlobals) = postSolution
		SolutionGuid = {029675AC-2BC7-4A84-B85E-72AE075B116D}
	EndGlobalSection
EndGlobal
