
Microsoft Visual Studio Solution File, Format Version 12.00
# Visual Studio Version 17
VisualStudioVersion = 17.9.34622.214
MinimumVisualStudioVersion = 10.0.40219.1
Project("{FAE04EC0-301F-11D3-BF4B-00C04F79EFBC}") = "SteamDB", "SteamDB.csproj", "{1A9BF2D1-1260-401F-A35F-C846DD6C78FF}"
EndProject
Project("{2150E333-8FDC-42A3-9474-1A3956D46DE8}") = "Elementy rozwiązania", "Elementy rozwiązania", "{F79C267E-708F-4572-AB53-CEA5D9BC9FAE}"
	ProjectSection(SolutionItems) = preProject
		main.cs = main.cs
	EndProjectSection
EndProject
Global
	GlobalSection(SolutionConfigurationPlatforms) = preSolution
		Debug|Any CPU = Debug|Any CPU
		Release|Any CPU = Release|Any CPU
	EndGlobalSection
	GlobalSection(ProjectConfigurationPlatforms) = postSolution
		{1A9BF2D1-1260-401F-A35F-C846DD6C78FF}.Debug|Any CPU.ActiveCfg = Debug|Any CPU
		{1A9BF2D1-1260-401F-A35F-C846DD6C78FF}.Debug|Any CPU.Build.0 = Debug|Any CPU
		{1A9BF2D1-1260-401F-A35F-C846DD6C78FF}.Release|Any CPU.ActiveCfg = Release|Any CPU
		{1A9BF2D1-1260-401F-A35F-C846DD6C78FF}.Release|Any CPU.Build.0 = Release|Any CPU
	EndGlobalSection
	GlobalSection(SolutionProperties) = preSolution
		HideSolutionNode = FALSE
	EndGlobalSection
	GlobalSection(ExtensibilityGlobals) = postSolution
		SolutionGuid = {3D909E48-5C17-46F7-A3A5-46F0CBD5A967}
	EndGlobalSection
EndGlobal
